{
  "name": "npm-spectrogram-demo",
  "lockfileVersion": 2,
  "requires": true,
  "packages": {
    "": {
      "dependencies": {
        "@jasonfleischer/spectrogram": "^1.0.0"
      }
    },
    "node_modules/@jasonfleischer/spectrogram": {
      "version": "1.0.0",
      "resolved": "https://registry.npmjs.org/@jasonfleischer/spectrogram/-/spectrogram-1.0.0.tgz",
      "integrity": "sha512-pN9zCfTos00/Fzwe+x+g/lQ9tPvuV8H++uDpEufESfTaA2Lsj4cWXTMxbJLdVOK/elGE4zaXl4pkxA4WGhUaQg==",
      "funding": {
        "type": "individual",
        "url": "https://ko-fi.com/jasonfleischer"
      }
    }
  },
  "dependencies": {
    "@jasonfleischer/spectrogram": {
      "version": "1.0.0",
      "resolved": "https://registry.npmjs.org/@jasonfleischer/spectrogram/-/spectrogram-1.0.0.tgz",
      "integrity": "sha512-pN9zCfTos00/Fzwe+x+g/lQ9tPvuV8H++uDpEufESfTaA2Lsj4cWXTMxbJLdVOK/elGE4zaXl4pkxA4WGhUaQg=="
    }
  }
}
